
Microsoft Visual Studio Solution File, Format Version 12.00
# Visual Studio Version 17
VisualStudioVersion = 17.5.33424.131
MinimumVisualStudioVersion = 10.0.40219.1
Project("{FAE04EC0-301F-11D3-BF4B-00C04F79EFBC}") = "GDAPITest", "GDAPITest\GDAPITest.csproj", "{FF76CFC6-4984-4CBB-8D68-297677E71AB9}"
EndProject
Global
	GlobalSection(SolutionConfigurationPlatforms) = preSolution
		Debug|Any CPU = Debug|Any CPU
		Release|Any CPU = Release|Any CPU
	EndGlobalSection
	GlobalSection(ProjectConfigurationPlatforms) = postSolution
		{FF76CFC6-4984-4CBB-8D68-297677E71AB9}.Debug|Any CPU.ActiveCfg = Debug|Any CPU
		{FF76CFC6-4984-4CBB-8D68-297677E71AB9}.Debug|Any CPU.Build.0 = Debug|Any CPU
		{FF76CFC6-4984-4CBB-8D68-297677E71AB9}.Release|Any CPU.ActiveCfg = Release|Any CPU
		{FF76CFC6-4984-4CBB-8D68-297677E71AB9}.Release|Any CPU.Build.0 = Release|Any CPU
	EndGlobalSection
	GlobalSection(SolutionProperties) = preSolution
		HideSolutionNode = FALSE
	EndGlobalSection
	GlobalSection(ExtensibilityGlobals) = postSolution
		SolutionGuid = {27F9936C-F02E-4162-94A9-9E8D3B588267}
	EndGlobalSection
EndGlobal
